
Microsoft Visual Studio Solution File, Format Version 11.00
# Visual Studio 2010
Project("{FAE04EC0-301F-11D3-BF4B-00C04F79EFBC}") = "WildMonsters", "WildMonsters\WildMonsters.csproj", "{BE6BAB84-8282-4881-9082-553B3B60D7EA}"
EndProject
Global
	GlobalSection(SolutionConfigurationPlatforms) = preSolution
		Debug|Any CPU = Debug|Any CPU
		Release|Any CPU = Release|Any CPU
	EndGlobalSection
	GlobalSection(ProjectConfigurationPlatforms) = postSolution
		{BE6BAB84-8282-4881-9082-553B3B60D7EA}.Debug|Any CPU.ActiveCfg = Debug|Any CPU
		{BE6BAB84-8282-4881-9082-553B3B60D7EA}.Debug|Any CPU.Build.0 = Debug|Any CPU
		{BE6BAB84-8282-4881-9082-553B3B60D7EA}.Release|Any CPU.ActiveCfg = Release|Any CPU
		{BE6BAB84-8282-4881-9082-553B3B60D7EA}.Release|Any CPU.Build.0 = Release|Any CPU
	EndGlobalSection
	GlobalSection(MonoDevelopProperties) = preSolution
		StartupItem = WildMonsters\WildMonsters.csproj
	EndGlobalSection
EndGlobal
